
Microsoft Visual Studio Solution File, Format Version 12.00
# Visual Studio 15
VisualStudioVersion = 15.0.27130.2024
MinimumVisualStudioVersion = 10.0.40219.1
Project("{8BC9CEB8-8B4A-11D0-8D11-00A0C91BC942}") = "Money", "Money\Money.vcxproj", "{FCD16C62-968A-4114-A459-CC3BDBFE5EE8}"
EndProject
Global
	GlobalSection(SolutionConfigurationPlatforms) = preSolution
		Debug|x64 = Debug|x64
		Debug|x86 = Debug|x86
		Release|x64 = Release|x64
		Release|x86 = Release|x86
	EndGlobalSection
	GlobalSection(ProjectConfigurationPlatforms) = postSolution
		{FCD16C62-968A-4114-A459-CC3BDBFE5EE8}.Debug|x64.ActiveCfg = Debug|x64
		{FCD16C62-968A-4114-A459-CC3BDBFE5EE8}.Debug|x64.Build.0 = Debug|x64
		{FCD16C62-968A-4114-A459-CC3BDBFE5EE8}.Debug|x86.ActiveCfg = Debug|Win32
		{FCD16C62-968A-4114-A459-CC3BDBFE5EE8}.Debug|x86.Build.0 = Debug|Win32
		{FCD16C62-968A-4114-A459-CC3BDBFE5EE8}.Release|x64.ActiveCfg = Release|x64
		{FCD16C62-968A-4114-A459-CC3BDBFE5EE8}.Release|x64.Build.0 = Release|x64
		{FCD16C62-968A-4114-A459-CC3BDBFE5EE8}.Release|x86.ActiveCfg = Release|Win32
		{FCD16C62-968A-4114-A459-CC3BDBFE5EE8}.Release|x86.Build.0 = Release|Win32
	EndGlobalSection
	GlobalSection(SolutionProperties) = preSolution
		HideSolutionNode = FALSE
	EndGlobalSection
	GlobalSection(ExtensibilityGlobals) = postSolution
		SolutionGuid = {18B1626E-0146-4F37-A3A7-B62F55A3188C}
	EndGlobalSection
EndGlobal
